PODS:
  - Alamofire (4.9.0)
  - NMapsMap (3.2.1)

DEPENDENCIES:
  - Alamofire (~> 4.9.0)
  - NMapsMap (~> 3.2.0)

SPEC REPOS:
  https://github.com/cocoapods/specs.git:
    - Alamofire
    - NMapsMap

SPEC CHECKSUMS:
  Alamofire: afc3e7c6db61476cb45cdd23fed06bad03bbc321
  NMapsMap: 432c7f5e90f5c406d52c3137f425143352d78430

PODFILE CHECKSUM: c29c4fe39c0284035a5a4c91a5bcc69a87261ccd

COCOAPODS: 1.7.4
