// !$*UTF8*$!
{
	archiveVersion = 1;
	classes = {
	};
	objectVersion = 51;
	objects = {

/* Begin PBXBuildFile section */
		3A34A41B233241F0008BB7E7 /* AddNew1_NameViewController.swift in Sources */ = {isa = PBXBuildFile; fileRef = 3A34A41A233241F0008BB7E7 /* AddNew1_NameViewController.swift */; };
		3A34A41D23324763008BB7E7 /* MainViewController+layout.swift in Sources */ = {isa = PBXBuildFile; fileRef = 3A34A41C23324763008BB7E7 /* MainViewController+layout.swift */; };
		3A34A41F23324AFA008BB7E7 /* AddNew2_PlaceViewController.swift in Sources */ = {isa = PBXBuildFile; fileRef = 3A34A41E23324AFA008BB7E7 /* AddNew2_PlaceViewController.swift */; };
		3A34A42123325530008BB7E7 /* AddNew3_DateTimeViewController.swift in Sources */ = {isa = PBXBuildFile; fileRef = 3A34A42023325530008BB7E7 /* AddNew3_DateTimeViewController.swift */; };
		3A34A42323325544008BB7E7 /* AddNew4_PenaltyViewController.swift in Sources */ = {isa = PBXBuildFile; fileRef = 3A34A42223325544008BB7E7 /* AddNew4_PenaltyViewController.swift */; };
		3A34A42523325551008BB7E7 /* AddNew5_MemberViewController.swift in Sources */ = {isa = PBXBuildFile; fileRef = 3A34A42423325551008BB7E7 /* AddNew5_MemberViewController.swift */; };
		3A34A42723334516008BB7E7 /* AddNew6_FinishViewController.swift in Sources */ = {isa = PBXBuildFile; fileRef = 3A34A42623334516008BB7E7 /* AddNew6_FinishViewController.swift */; };
		3A34A42A23365DED008BB7E7 /* SetupViewDesgin.swift in Sources */ = {isa = PBXBuildFile; fileRef = 3A34A42923365DED008BB7E7 /* SetupViewDesgin.swift */; };
		3A34A42C23373D8E008BB7E7 /* UIButton+.swift in Sources */ = {isa = PBXBuildFile; fileRef = 3A34A42B23373D8E008BB7E7 /* UIButton+.swift */; };
		3A34A42E23373F57008BB7E7 /* UITextField+.swift in Sources */ = {isa = PBXBuildFile; fileRef = 3A34A42D23373F57008BB7E7 /* UITextField+.swift */; };
		3A34A430233745F4008BB7E7 /* UIView+.swift in Sources */ = {isa = PBXBuildFile; fileRef = 3A34A42F233745F4008BB7E7 /* UIView+.swift */; };
		3A34A436233A226B008BB7E7 /* MainViewController+location.swift in Sources */ = {isa = PBXBuildFile; fileRef = 3A34A435233A226B008BB7E7 /* MainViewController+location.swift */; };
		3A34A438233A3DEC008BB7E7 /* MainViewController+map.swift in Sources */ = {isa = PBXBuildFile; fileRef = 3A34A437233A3DEC008BB7E7 /* MainViewController+map.swift */; };
		3A413193231FC6C3003F0931 /* MainViewController.swift in Sources */ = {isa = PBXBuildFile; fileRef = 3A413192231FC6C3003F0931 /* MainViewController.swift */; };
		3A413198231FC7C9003F0931 /* UIColor+.swift in Sources */ = {isa = PBXBuildFile; fileRef = 3A413197231FC7C9003F0931 /* UIColor+.swift */; };
		3A4131A223218DFE003F0931 /* ChangePwdViewController1.swift in Sources */ = {isa = PBXBuildFile; fileRef = 3A4131A123218DFE003F0931 /* ChangePwdViewController1.swift */; };
		3A4131A623218F5A003F0931 /* UnsubscribeViewController1.swift in Sources */ = {isa = PBXBuildFile; fileRef = 3A4131A523218F5A003F0931 /* UnsubscribeViewController1.swift */; };
		3A66CF6A234EFE1A006FE754 /* DetailInfoViewController.swift in Sources */ = {isa = PBXBuildFile; fileRef = 3A66CF68234EFE1A006FE754 /* DetailInfoViewController.swift */; };
		3A66CF6B234EFE1A006FE754 /* AddMemberViewController.swift in Sources */ = {isa = PBXBuildFile; fileRef = 3A66CF69234EFE1A006FE754 /* AddMemberViewController.swift */; };
		3A66CF6F23584D37006FE754 /* SignupService.swift in Sources */ = {isa = PBXBuildFile; fileRef = 3A66CF6E23584D37006FE754 /* SignupService.swift */; };
		3A66CF7223584DA3006FE754 /* UserResult.swift in Sources */ = {isa = PBXBuildFile; fileRef = 3A66CF7123584DA3006FE754 /* UserResult.swift */; };
		3A66CF7423584F02006FE754 /* APIConstants.swift in Sources */ = {isa = PBXBuildFile; fileRef = 3A66CF7323584F02006FE754 /* APIConstants.swift */; };
		3A66CF76235858EF006FE754 /* ErrorResult.swift in Sources */ = {isa = PBXBuildFile; fileRef = 3A66CF75235858EF006FE754 /* ErrorResult.swift */; };
		3A66CF79235879FF006FE754 /* LoginService.swift in Sources */ = {isa = PBXBuildFile; fileRef = 3A66CF78235879FF006FE754 /* LoginService.swift */; };
		3A66CF7D2358802C006FE754 /* MainViewController+user.swift in Sources */ = {isa = PBXBuildFile; fileRef = 3A66CF7C2358802C006FE754 /* MainViewController+user.swift */; };
		3A66CF7F23588718006FE754 /* LoginViewController+layout.swift in Sources */ = {isa = PBXBuildFile; fileRef = 3A66CF7E23588718006FE754 /* LoginViewController+layout.swift */; };
		3A66CF812358923D006FE754 /* AppointmentService.swift in Sources */ = {isa = PBXBuildFile; fileRef = 3A66CF802358923D006FE754 /* AppointmentService.swift */; };
		3A66CF832358BF56006FE754 /* UserInfo.swift in Sources */ = {isa = PBXBuildFile; fileRef = 3A66CF822358BF56006FE754 /* UserInfo.swift */; };
		3A66CF852358C457006FE754 /* AppointmentResult.swift in Sources */ = {isa = PBXBuildFile; fileRef = 3A66CF842358C457006FE754 /* AppointmentResult.swift */; };
		3A66CF8723598F91006FE754 /* MainViewController+timer.swift in Sources */ = {isa = PBXBuildFile; fileRef = 3A66CF8623598F91006FE754 /* MainViewController+timer.swift */; };
		3A7308E5233B8EB800847A1E /* Keys.swift in Sources */ = {isa = PBXBuildFile; fileRef = 3A7308E4233B8EB800847A1E /* Keys.swift */; };
		955078D2231D2BDD00311DB8 /* AppDelegate.swift in Sources */ = {isa = PBXBuildFile; fileRef = 955078D1231D2BDD00311DB8 /* AppDelegate.swift */; };
		955078D7231D2BDD00311DB8 /* Main.storyboard in Resources */ = {isa = PBXBuildFile; fileRef = 955078D5231D2BDD00311DB8 /* Main.storyboard */; };
		955078D9231D2BDE00311DB8 /* Assets.xcassets in Resources */ = {isa = PBXBuildFile; fileRef = 955078D8231D2BDE00311DB8 /* Assets.xcassets */; };
		955078DC231D2BDE00311DB8 /* LaunchScreen.storyboard in Resources */ = {isa = PBXBuildFile; fileRef = 955078DA231D2BDE00311DB8 /* LaunchScreen.storyboard */; };
		955078E6231D3DFF00311DB8 /* SignupViewController.swift in Sources */ = {isa = PBXBuildFile; fileRef = 955078E5231D3DFF00311DB8 /* SignupViewController.swift */; };
		955078E8231D3E1800311DB8 /* LoginViewController.swift in Sources */ = {isa = PBXBuildFile; fileRef = 955078E7231D3E1800311DB8 /* LoginViewController.swift */; };
		957AF98323323EDA00C6A764 /* Keys.swift in Sources */ = {isa = PBXBuildFile; fileRef = 957AF98223323EDA00C6A764 /* Keys.swift */; };
		957AF9852332596500C6A764 /* ChangePwdViewController2.swift in Sources */ = {isa = PBXBuildFile; fileRef = 957AF9842332596500C6A764 /* ChangePwdViewController2.swift */; };
		957AF98723388C3D00C6A764 /* ChangePwdViewController3.swift in Sources */ = {isa = PBXBuildFile; fileRef = 957AF98623388C3D00C6A764 /* ChangePwdViewController3.swift */; };
		957AF98D2338B24100C6A764 /* UnsubscribeViewController2.swift in Sources */ = {isa = PBXBuildFile; fileRef = 957AF98C2338B24100C6A764 /* UnsubscribeViewController2.swift */; };
		ACCD9C77BF4AA6FD4AA6194B /* Pods_Promiss_iOS.framework in Frameworks */ = {isa = PBXBuildFile; fileRef = 6B67DB339D22453514AA148A /* Pods_Promiss_iOS.framework */; };
/* End PBXBuildFile section */

/* Begin PBXFileReference section */
		0466DD62E331A23D7BA3877C /* Pods-Promiss_iOS.debug.xcconfig */ = {isa = PBXFileReference; includeInIndex = 1; lastKnownFileType = text.xcconfig; name = "Pods-Promiss_iOS.debug.xcconfig"; path = "Target Support Files/Pods-Promiss_iOS/Pods-Promiss_iOS.debug.xcconfig"; sourceTree = "<group>"; };
		3976B24AC869CF3E09BA0F51 /* Pods-Promiss_iOS.release.xcconfig */ = {isa = PBXFileReference; includeInIndex = 1; lastKnownFileType = text.xcconfig; name = "Pods-Promiss_iOS.release.xcconfig"; path = "Target Support Files/Pods-Promiss_iOS/Pods-Promiss_iOS.release.xcconfig"; sourceTree = "<group>"; };
		3A34A41A233241F0008BB7E7 /* AddNew1_NameViewController.swift */ = {isa = PBXFileReference; lastKnownFileType = sourcecode.swift; path = AddNew1_NameViewController.swift; sourceTree = "<group>"; };
		3A34A41C23324763008BB7E7 /* MainViewController+layout.swift */ = {isa = PBXFileReference; lastKnownFileType = sourcecode.swift; path = "MainViewController+layout.swift"; sourceTree = "<group>"; };
		3A34A41E23324AFA008BB7E7 /* AddNew2_PlaceViewController.swift */ = {isa = PBXFileReference; lastKnownFileType = sourcecode.swift; path = AddNew2_PlaceViewController.swift; sourceTree = "<group>"; };
		3A34A42023325530008BB7E7 /* AddNew3_DateTimeViewController.swift */ = {isa = PBXFileReference; lastKnownFileType = sourcecode.swift; path = AddNew3_DateTimeViewController.swift; sourceTree = "<group>"; };
		3A34A42223325544008BB7E7 /* AddNew4_PenaltyViewController.swift */ = {isa = PBXFileReference; lastKnownFileType = sourcecode.swift; path = AddNew4_PenaltyViewController.swift; sourceTree = "<group>"; };
		3A34A42423325551008BB7E7 /* AddNew5_MemberViewController.swift */ = {isa = PBXFileReference; lastKnownFileType = sourcecode.swift; path = AddNew5_MemberViewController.swift; sourceTree = "<group>"; };
		3A34A42623334516008BB7E7 /* AddNew6_FinishViewController.swift */ = {isa = PBXFileReference; lastKnownFileType = sourcecode.swift; path = AddNew6_FinishViewController.swift; sourceTree = "<group>"; };
		3A34A42923365DED008BB7E7 /* SetupViewDesgin.swift */ = {isa = PBXFileReference; lastKnownFileType = sourcecode.swift; path = SetupViewDesgin.swift; sourceTree = "<group>"; };
		3A34A42B23373D8E008BB7E7 /* UIButton+.swift */ = {isa = PBXFileReference; lastKnownFileType = sourcecode.swift; path = "UIButton+.swift"; sourceTree = "<group>"; };
		3A34A42D23373F57008BB7E7 /* UITextField+.swift */ = {isa = PBXFileReference; lastKnownFileType = sourcecode.swift; path = "UITextField+.swift"; sourceTree = "<group>"; };
		3A34A42F233745F4008BB7E7 /* UIView+.swift */ = {isa = PBXFileReference; lastKnownFileType = sourcecode.swift; path = "UIView+.swift"; sourceTree = "<group>"; };
		3A34A435233A226B008BB7E7 /* MainViewController+location.swift */ = {isa = PBXFileReference; lastKnownFileType = sourcecode.swift; path = "MainViewController+location.swift"; sourceTree = "<group>"; };
		3A34A437233A3DEC008BB7E7 /* MainViewController+map.swift */ = {isa = PBXFileReference; lastKnownFileType = sourcecode.swift; path = "MainViewController+map.swift"; sourceTree = "<group>"; };
		3A413192231FC6C3003F0931 /* MainViewController.swift */ = {isa = PBXFileReference; lastKnownFileType = sourcecode.swift; path = MainViewController.swift; sourceTree = "<group>"; };
		3A413197231FC7C9003F0931 /* UIColor+.swift */ = {isa = PBXFileReference; lastKnownFileType = sourcecode.swift; path = "UIColor+.swift"; sourceTree = "<group>"; };
		3A4131A123218DFE003F0931 /* ChangePwdViewController1.swift */ = {isa = PBXFileReference; lastKnownFileType = sourcecode.swift; path = ChangePwdViewController1.swift; sourceTree = "<group>"; };
		3A4131A523218F5A003F0931 /* UnsubscribeViewController1.swift */ = {isa = PBXFileReference; lastKnownFileType = sourcecode.swift; path = UnsubscribeViewController1.swift; sourceTree = "<group>"; };
		3A66CF68234EFE1A006FE754 /* DetailInfoViewController.swift */ = {isa = PBXFileReference; fileEncoding = 4; lastKnownFileType = sourcecode.swift; name = DetailInfoViewController.swift; path = Promiss_iOS/DetailInfo/DetailInfoViewController.swift; sourceTree = SOURCE_ROOT; };
		3A66CF69234EFE1A006FE754 /* AddMemberViewController.swift */ = {isa = PBXFileReference; fileEncoding = 4; lastKnownFileType = sourcecode.swift; name = AddMemberViewController.swift; path = Promiss_iOS/DetailInfo/AddMemberViewController.swift; sourceTree = SOURCE_ROOT; };
		3A66CF6E23584D37006FE754 /* SignupService.swift */ = {isa = PBXFileReference; lastKnownFileType = sourcecode.swift; path = SignupService.swift; sourceTree = "<group>"; };
		3A66CF7123584DA3006FE754 /* UserResult.swift */ = {isa = PBXFileReference; lastKnownFileType = sourcecode.swift; path = UserResult.swift; sourceTree = "<group>"; };
		3A66CF7323584F02006FE754 /* APIConstants.swift */ = {isa = PBXFileReference; lastKnownFileType = sourcecode.swift; path = APIConstants.swift; sourceTree = "<group>"; };
		3A66CF75235858EF006FE754 /* ErrorResult.swift */ = {isa = PBXFileReference; lastKnownFileType = sourcecode.swift; path = ErrorResult.swift; sourceTree = "<group>"; };
		3A66CF78235879FF006FE754 /* LoginService.swift */ = {isa = PBXFileReference; lastKnownFileType = sourcecode.swift; path = LoginService.swift; sourceTree = "<group>"; };
		3A66CF7C2358802C006FE754 /* MainViewController+user.swift */ = {isa = PBXFileReference; lastKnownFileType = sourcecode.swift; path = "MainViewController+user.swift"; sourceTree = "<group>"; };
		3A66CF7E23588718006FE754 /* LoginViewController+layout.swift */ = {isa = PBXFileReference; lastKnownFileType = sourcecode.swift; path = "LoginViewController+layout.swift"; sourceTree = "<group>"; };
		3A66CF802358923D006FE754 /* AppointmentService.swift */ = {isa = PBXFileReference; lastKnownFileType = sourcecode.swift; path = AppointmentService.swift; sourceTree = "<group>"; };
		3A66CF822358BF56006FE754 /* UserInfo.swift */ = {isa = PBXFileReference; lastKnownFileType = sourcecode.swift; path = UserInfo.swift; sourceTree = "<group>"; };
		3A66CF842358C457006FE754 /* AppointmentResult.swift */ = {isa = PBXFileReference; lastKnownFileType = sourcecode.swift; path = AppointmentResult.swift; sourceTree = "<group>"; };
		3A66CF8623598F91006FE754 /* MainViewController+timer.swift */ = {isa = PBXFileReference; lastKnownFileType = sourcecode.swift; path = "MainViewController+timer.swift"; sourceTree = "<group>"; };
		3A7308E4233B8EB800847A1E /* Keys.swift */ = {isa = PBXFileReference; fileEncoding = 4; lastKnownFileType = sourcecode.swift; path = Keys.swift; sourceTree = "<group>"; };
		6B67DB339D22453514AA148A /* Pods_Promiss_iOS.framework */ = {isa = PBXFileReference; explicitFileType = wrapper.framework; includeInIndex = 0; path = Pods_Promiss_iOS.framework; sourceTree = BUILT_PRODUCTS_DIR; };
		955078CE231D2BDD00311DB8 /* Promiss_iOS.app */ = {isa = PBXFileReference; explicitFileType = wrapper.application; includeInIndex = 0; path = Promiss_iOS.app; sourceTree = BUILT_PRODUCTS_DIR; };
		955078D1231D2BDD00311DB8 /* AppDelegate.swift */ = {isa = PBXFileReference; lastKnownFileType = sourcecode.swift; path = AppDelegate.swift; sourceTree = "<group>"; };
		955078D6231D2BDD00311DB8 /* Base */ = {isa = PBXFileReference; lastKnownFileType = file.storyboard; name = Base; path = Base.lproj/Main.storyboard; sourceTree = "<group>"; };
		955078D8231D2BDE00311DB8 /* Assets.xcassets */ = {isa = PBXFileReference; lastKnownFileType = folder.assetcatalog; path = Assets.xcassets; sourceTree = "<group>"; };
		955078DB231D2BDE00311DB8 /* Base */ = {isa = PBXFileReference; lastKnownFileType = file.storyboard; name = Base; path = Base.lproj/LaunchScreen.storyboard; sourceTree = "<group>"; };
		955078DD231D2BDE00311DB8 /* Info.plist */ = {isa = PBXFileReference; lastKnownFileType = text.plist.xml; path = Info.plist; sourceTree = "<group>"; };
		955078E5231D3DFF00311DB8 /* SignupViewController.swift */ = {isa = PBXFileReference; lastKnownFileType = sourcecode.swift; path = SignupViewController.swift; sourceTree = "<group>"; };
		955078E7231D3E1800311DB8 /* LoginViewController.swift */ = {isa = PBXFileReference; lastKnownFileType = sourcecode.swift; path = LoginViewController.swift; sourceTree = "<group>"; };
		957AF98223323EDA00C6A764 /* Keys.swift */ = {isa = PBXFileReference; lastKnownFileType = sourcecode.swift; path = Keys.swift; sourceTree = "<group>"; };
		957AF9842332596500C6A764 /* ChangePwdViewController2.swift */ = {isa = PBXFileReference; lastKnownFileType = sourcecode.swift; path = ChangePwdViewController2.swift; sourceTree = "<group>"; };
		957AF98623388C3D00C6A764 /* ChangePwdViewController3.swift */ = {isa = PBXFileReference; lastKnownFileType = sourcecode.swift; path = ChangePwdViewController3.swift; sourceTree = "<group>"; };
		957AF98C2338B24100C6A764 /* UnsubscribeViewController2.swift */ = {isa = PBXFileReference; lastKnownFileType = sourcecode.swift; path = UnsubscribeViewController2.swift; sourceTree = "<group>"; };
/* End PBXFileReference section */

/* Begin PBXFrameworksBuildPhase section */
		955078CB231D2BDD00311DB8 /* Frameworks */ = {
			isa = PBXFrameworksBuildPhase;
			buildActionMask = 2147483647;
			files = (
				ACCD9C77BF4AA6FD4AA6194B /* Pods_Promiss_iOS.framework in Frameworks */,
			);
			runOnlyForDeploymentPostprocessing = 0;
		};
/* End PBXFrameworksBuildPhase section */

/* Begin PBXGroup section */
		3A34A41923324185008BB7E7 /* AddNewAppointment */ = {
			isa = PBXGroup;
			children = (
				3A34A41A233241F0008BB7E7 /* AddNew1_NameViewController.swift */,
				3A34A41E23324AFA008BB7E7 /* AddNew2_PlaceViewController.swift */,
				3A34A42023325530008BB7E7 /* AddNew3_DateTimeViewController.swift */,
				3A34A42223325544008BB7E7 /* AddNew4_PenaltyViewController.swift */,
				3A34A42423325551008BB7E7 /* AddNew5_MemberViewController.swift */,
				3A34A42623334516008BB7E7 /* AddNew6_FinishViewController.swift */,
			);
			path = AddNewAppointment;
			sourceTree = "<group>";
		};
		3A34A42823365DC5008BB7E7 /* Common */ = {
			isa = PBXGroup;
			children = (
				3A34A42923365DED008BB7E7 /* SetupViewDesgin.swift */,
			);
			path = Common;
			sourceTree = "<group>";
		};
		3A34A439233B7752008BB7E7 /* DetailInfo */ = {
			isa = PBXGroup;
			children = (
				3A66CF69234EFE1A006FE754 /* AddMemberViewController.swift */,
				3A66CF68234EFE1A006FE754 /* DetailInfoViewController.swift */,
			);
			path = DetailInfo;
			sourceTree = "<unknown>";
		};
		3A413196231FC7B7003F0931 /* Extension */ = {
			isa = PBXGroup;
			children = (
				3A413197231FC7C9003F0931 /* UIColor+.swift */,
				3A34A42B23373D8E008BB7E7 /* UIButton+.swift */,
				3A34A42D23373F57008BB7E7 /* UITextField+.swift */,
				3A34A42F233745F4008BB7E7 /* UIView+.swift */,
			);
			path = Extension;
			sourceTree = "<group>";
		};
		3A41319D2321844B003F0931 /* Main */ = {
			isa = PBXGroup;
			children = (
				3A413192231FC6C3003F0931 /* MainViewController.swift */,
				3A34A435233A226B008BB7E7 /* MainViewController+location.swift */,
				3A34A437233A3DEC008BB7E7 /* MainViewController+map.swift */,
				3A34A41C23324763008BB7E7 /* MainViewController+layout.swift */,
				3A66CF7C2358802C006FE754 /* MainViewController+user.swift */,
				3A66CF8623598F91006FE754 /* MainViewController+timer.swift */,
			);
			path = Main;
			sourceTree = "<group>";
		};
		3A4131A323218E29003F0931 /* ChangePassword */ = {
			isa = PBXGroup;
			children = (
				3A4131A123218DFE003F0931 /* ChangePwdViewController1.swift */,
				957AF9842332596500C6A764 /* ChangePwdViewController2.swift */,
				957AF98623388C3D00C6A764 /* ChangePwdViewController3.swift */,
			);
			path = ChangePassword;
			sourceTree = "<group>";
		};
		3A4131A423218F36003F0931 /* Unsubscribe */ = {
			isa = PBXGroup;
			children = (
				3A4131A523218F5A003F0931 /* UnsubscribeViewController1.swift */,
				957AF98C2338B24100C6A764 /* UnsubscribeViewController2.swift */,
			);
			path = Unsubscribe;
			sourceTree = "<group>";
		};
		3A66CF67234EFE01006FE754 /* Recovered References */ = {
			isa = PBXGroup;
			children = (
				957AF98223323EDA00C6A764 /* Keys.swift */,
			);
			name = "Recovered References";
			sourceTree = "<group>";
		};
		3A66CF6C23584BBB006FE754 /* SignUp */ = {
			isa = PBXGroup;
			children = (
				955078E5231D3DFF00311DB8 /* SignupViewController.swift */,
			);
			path = SignUp;
			sourceTree = "<group>";
		};
		3A66CF6D23584D16006FE754 /* APIServices */ = {
			isa = PBXGroup;
			children = (
				3A66CF6E23584D37006FE754 /* SignupService.swift */,
				3A66CF78235879FF006FE754 /* LoginService.swift */,
				3A66CF802358923D006FE754 /* AppointmentService.swift */,
			);
			path = APIServices;
			sourceTree = "<group>";
		};
		3A66CF7023584D78006FE754 /* Model */ = {
			isa = PBXGroup;
			children = (
				3A66CF7123584DA3006FE754 /* UserResult.swift */,
				3A66CF7323584F02006FE754 /* APIConstants.swift */,
				3A66CF75235858EF006FE754 /* ErrorResult.swift */,
				3A66CF822358BF56006FE754 /* UserInfo.swift */,
				3A66CF842358C457006FE754 /* AppointmentResult.swift */,
			);
			path = Model;
			sourceTree = "<group>";
		};
		3A66CF77235879CF006FE754 /* Login */ = {
			isa = PBXGroup;
			children = (
				955078E7231D3E1800311DB8 /* LoginViewController.swift */,
				3A66CF7E23588718006FE754 /* LoginViewController+layout.swift */,
			);
			path = Login;
			sourceTree = "<group>";
		};
		955078C5231D2BDD00311DB8 = {
			isa = PBXGroup;
			children = (
				955078D0231D2BDD00311DB8 /* Promiss_iOS */,
				3A7308E4233B8EB800847A1E /* Keys.swift */,
				955078CF231D2BDD00311DB8 /* Products */,
				F925AB112C44AEFF98F3CA3B /* Pods */,
				FEA3FA0C50FCD6C31AB6E711 /* Frameworks */,
				3A66CF67234EFE01006FE754 /* Recovered References */,
			);
			sourceTree = "<group>";
		};
		955078CF231D2BDD00311DB8 /* Products */ = {
			isa = PBXGroup;
			children = (
				955078CE231D2BDD00311DB8 /* Promiss_iOS.app */,
			);
			name = Products;
			sourceTree = "<group>";
		};
		955078D0231D2BDD00311DB8 /* Promiss_iOS */ = {
			isa = PBXGroup;
			children = (
				955078D8231D2BDE00311DB8 /* Assets.xcassets */,
				955078D1231D2BDD00311DB8 /* AppDelegate.swift */,
				955078D5231D2BDD00311DB8 /* Main.storyboard */,
				955078DA231D2BDE00311DB8 /* LaunchScreen.storyboard */,
				955078DD231D2BDE00311DB8 /* Info.plist */,
				3A66CF6D23584D16006FE754 /* APIServices */,
				3A66CF7023584D78006FE754 /* Model */,
				3A413196231FC7B7003F0931 /* Extension */,
				3A34A42823365DC5008BB7E7 /* Common */,
				3A41319D2321844B003F0931 /* Main */,
				3A66CF77235879CF006FE754 /* Login */,
				3A66CF6C23584BBB006FE754 /* SignUp */,
				3A4131A323218E29003F0931 /* ChangePassword */,
				3A4131A423218F36003F0931 /* Unsubscribe */,
				3A34A41923324185008BB7E7 /* AddNewAppointment */,
				3A34A439233B7752008BB7E7 /* DetailInfo */,
			);
			path = Promiss_iOS;
			sourceTree = "<group>";
		};
		F925AB112C44AEFF98F3CA3B /* Pods */ = {
			isa = PBXGroup;
			children = (
				0466DD62E331A23D7BA3877C /* Pods-Promiss_iOS.debug.xcconfig */,
				3976B24AC869CF3E09BA0F51 /* Pods-Promiss_iOS.release.xcconfig */,
			);
			path = Pods;
			sourceTree = "<group>";
		};
		FEA3FA0C50FCD6C31AB6E711 /* Frameworks */ = {
			isa = PBXGroup;
			children = (
				6B67DB339D22453514AA148A /* Pods_Promiss_iOS.framework */,
			);
			name = Frameworks;
			sourceTree = "<group>";
		};
/* End PBXGroup section */

/* Begin PBXNativeTarget section */
		955078CD231D2BDD00311DB8 /* Promiss_iOS */ = {
			isa = PBXNativeTarget;
			buildConfigurationList = 955078E0231D2BDE00311DB8 /* Build configuration list for PBXNativeTarget "Promiss_iOS" */;
			buildPhases = (
				4F725504A6F889684F06F6FA /* [CP] Check Pods Manifest.lock */,
				955078CA231D2BDD00311DB8 /* Sources */,
				955078CB231D2BDD00311DB8 /* Frameworks */,
				955078CC231D2BDD00311DB8 /* Resources */,
				E44E44C2750E54A100046274 /* [CP] Embed Pods Frameworks */,
			);
			buildRules = (
			);
			dependencies = (
			);
			name = Promiss_iOS;
			productName = Promiss_iOS;
			productReference = 955078CE231D2BDD00311DB8 /* Promiss_iOS.app */;
			productType = "com.apple.product-type.application";
		};
/* End PBXNativeTarget section */

/* Begin PBXProject section */
		955078C6231D2BDD00311DB8 /* Project object */ = {
			isa = PBXProject;
			attributes = {
				LastSwiftUpdateCheck = 1020;
				LastUpgradeCheck = 1020;
				ORGANIZATIONNAME = "Anna Lee";
				TargetAttributes = {
					955078CD231D2BDD00311DB8 = {
						CreatedOnToolsVersion = 10.2.1;
						LastSwiftMigration = 1020;
					};
				};
			};
			buildConfigurationList = 955078C9231D2BDD00311DB8 /* Build configuration list for PBXProject "Promiss_iOS" */;
			compatibilityVersion = "Xcode 9.3";
			developmentRegion = en;
			hasScannedForEncodings = 0;
			knownRegions = (
				en,
				Base,
			);
			mainGroup = 955078C5231D2BDD00311DB8;
			productRefGroup = 955078CF231D2BDD00311DB8 /* Products */;
			projectDirPath = "";
			projectRoot = "";
			targets = (
				955078CD231D2BDD00311DB8 /* Promiss_iOS */,
			);
		};
/* End PBXProject section */

/* Begin PBXResourcesBuildPhase section */
		955078CC231D2BDD00311DB8 /* Resources */ = {
			isa = PBXResourcesBuildPhase;
			buildActionMask = 2147483647;
			files = (
				955078DC231D2BDE00311DB8 /* LaunchScreen.storyboard in Resources */,
				955078D9231D2BDE00311DB8 /* Assets.xcassets in Resources */,
				955078D7231D2BDD00311DB8 /* Main.storyboard in Resources */,
			);
			runOnlyForDeploymentPostprocessing = 0;
		};
/* End PBXResourcesBuildPhase section */

/* Begin PBXShellScriptBuildPhase section */
		4F725504A6F889684F06F6FA /* [CP] Check Pods Manifest.lock */ = {
			isa = PBXShellScriptBuildPhase;
			buildActionMask = 2147483647;
			files = (
			);
			inputFileListPaths = (
			);
			inputPaths = (
				"${PODS_PODFILE_DIR_PATH}/Podfile.lock",
				"${PODS_ROOT}/Manifest.lock",
			);
			name = "[CP] Check Pods Manifest.lock";
			outputFileListPaths = (
			);
			outputPaths = (
				"$(DERIVED_FILE_DIR)/Pods-Promiss_iOS-checkManifestLockResult.txt",
			);
			runOnlyForDeploymentPostprocessing = 0;
			shellPath = /bin/sh;
			shellScript = "diff \"${PODS_PODFILE_DIR_PATH}/Podfile.lock\" \"${PODS_ROOT}/Manifest.lock\" > /dev/null\nif [ $? != 0 ] ; then\n    # print error to STDERR\n    echo \"error: The sandbox is not in sync with the Podfile.lock. Run 'pod install' or update your CocoaPods installation.\" >&2\n    exit 1\nfi\n# This output is used by Xcode 'outputs' to avoid re-running this script phase.\necho \"SUCCESS\" > \"${SCRIPT_OUTPUT_FILE_0}\"\n";
			showEnvVarsInLog = 0;
		};
		E44E44C2750E54A100046274 /* [CP] Embed Pods Frameworks */ = {
			isa = PBXShellScriptBuildPhase;
			buildActionMask = 2147483647;
			files = (
			);
			inputFileListPaths = (
				"${PODS_ROOT}/Target Support Files/Pods-Promiss_iOS/Pods-Promiss_iOS-frameworks-${CONFIGURATION}-input-files.xcfilelist",
			);
			name = "[CP] Embed Pods Frameworks";
			outputFileListPaths = (
				"${PODS_ROOT}/Target Support Files/Pods-Promiss_iOS/Pods-Promiss_iOS-frameworks-${CONFIGURATION}-output-files.xcfilelist",
			);
			runOnlyForDeploymentPostprocessing = 0;
			shellPath = /bin/sh;
			shellScript = "\"${PODS_ROOT}/Target Support Files/Pods-Promiss_iOS/Pods-Promiss_iOS-frameworks.sh\"\n";
			showEnvVarsInLog = 0;
		};
/* End PBXShellScriptBuildPhase section */

/* Begin PBXSourcesBuildPhase section */
		955078CA231D2BDD00311DB8 /* Sources */ = {
			isa = PBXSourcesBuildPhase;
			buildActionMask = 2147483647;
			files = (
				3A66CF7F23588718006FE754 /* LoginViewController+layout.swift in Sources */,
				3A66CF7D2358802C006FE754 /* MainViewController+user.swift in Sources */,
				3A34A42123325530008BB7E7 /* AddNew3_DateTimeViewController.swift in Sources */,
				3A4131A623218F5A003F0931 /* UnsubscribeViewController1.swift in Sources */,
				957AF98323323EDA00C6A764 /* Keys.swift in Sources */,
				3A66CF6B234EFE1A006FE754 /* AddMemberViewController.swift in Sources */,
				957AF98723388C3D00C6A764 /* ChangePwdViewController3.swift in Sources */,
				3A66CF76235858EF006FE754 /* ErrorResult.swift in Sources */,
				955078E8231D3E1800311DB8 /* LoginViewController.swift in Sources */,
				3A66CF812358923D006FE754 /* AppointmentService.swift in Sources */,
				3A34A42C23373D8E008BB7E7 /* UIButton+.swift in Sources */,
				3A34A42323325544008BB7E7 /* AddNew4_PenaltyViewController.swift in Sources */,
				3A34A41D23324763008BB7E7 /* MainViewController+layout.swift in Sources */,
				3A34A42A23365DED008BB7E7 /* SetupViewDesgin.swift in Sources */,
				955078E6231D3DFF00311DB8 /* SignupViewController.swift in Sources */,
				3A34A42523325551008BB7E7 /* AddNew5_MemberViewController.swift in Sources */,
				3A66CF832358BF56006FE754 /* UserInfo.swift in Sources */,
				955078D2231D2BDD00311DB8 /* AppDelegate.swift in Sources */,
				957AF98D2338B24100C6A764 /* UnsubscribeViewController2.swift in Sources */,
				3A66CF8723598F91006FE754 /* MainViewController+timer.swift in Sources */,
				957AF9852332596500C6A764 /* ChangePwdViewController2.swift in Sources */,
				3A66CF7223584DA3006FE754 /* UserResult.swift in Sources */,
				3A34A41B233241F0008BB7E7 /* AddNew1_NameViewController.swift in Sources */,
				3A66CF6A234EFE1A006FE754 /* DetailInfoViewController.swift in Sources */,
				3A413193231FC6C3003F0931 /* MainViewController.swift in Sources */,
				3A413198231FC7C9003F0931 /* UIColor+.swift in Sources */,
				3A34A41F23324AFA008BB7E7 /* AddNew2_PlaceViewController.swift in Sources */,
				3A34A430233745F4008BB7E7 /* UIView+.swift in Sources */,
				3A66CF79235879FF006FE754 /* LoginService.swift in Sources */,
				3A66CF852358C457006FE754 /* AppointmentResult.swift in Sources */,
				3A34A42E23373F57008BB7E7 /* UITextField+.swift in Sources */,
				3A4131A223218DFE003F0931 /* ChangePwdViewController1.swift in Sources */,
				3A66CF6F23584D37006FE754 /* SignupService.swift in Sources */,
				3A7308E5233B8EB800847A1E /* Keys.swift in Sources */,
				3A66CF7423584F02006FE754 /* APIConstants.swift in Sources */,
				3A34A438233A3DEC008BB7E7 /* MainViewController+map.swift in Sources */,
				3A34A436233A226B008BB7E7 /* MainViewController+location.swift in Sources */,
				3A34A42723334516008BB7E7 /* AddNew6_FinishViewController.swift in Sources */,
			);
			runOnlyForDeploymentPostprocessing = 0;
		};
/* End PBXSourcesBuildPhase section */

/* Begin PBXVariantGroup section */
		955078D5231D2BDD00311DB8 /* Main.storyboard */ = {
			isa = PBXVariantGroup;
			children = (
				955078D6231D2BDD00311DB8 /* Base */,
			);
			name = Main.storyboard;
			sourceTree = "<group>";
		};
		955078DA231D2BDE00311DB8 /* LaunchScreen.storyboard */ = {
			isa = PBXVariantGroup;
			children = (
				955078DB231D2BDE00311DB8 /* Base */,
			);
			name = LaunchScreen.storyboard;
			sourceTree = "<group>";
		};
/* End PBXVariantGroup section */

/* Begin XCBuildConfiguration section */
		955078DE231D2BDE00311DB8 /* Debug */ = {
			isa = XCBuildConfiguration;
			buildSettings = {
				ALWAYS_SEARCH_USER_PATHS = NO;
				CLANG_ANALYZER_NONNULL = YES;
				CLANG_ANALYZER_NUMBER_OBJECT_CONVERSION = YES_AGGRESSIVE;
				CLANG_CXX_LANGUAGE_STANDARD = "gnu++14";
				CLANG_CXX_LIBRARY = "libc++";
				CLANG_ENABLE_MODULES = YES;
				CLANG_ENABLE_OBJC_ARC = YES;
				CLANG_ENABLE_OBJC_WEAK = YES;
				CLANG_WARN_BLOCK_CAPTURE_AUTORELEASING = YES;
				CLANG_WARN_BOOL_CONVERSION = YES;
				CLANG_WARN_COMMA = YES;
				CLANG_WARN_CONSTANT_CONVERSION = YES;
				CLANG_WARN_DEPRECATED_OBJC_IMPLEMENTATIONS = YES;
				CLANG_WARN_DIRECT_OBJC_ISA_USAGE = YES_ERROR;
				CLANG_WARN_DOCUMENTATION_COMMENTS = YES;
				CLANG_WARN_EMPTY_BODY = YES;
				CLANG_WARN_ENUM_CONVERSION = YES;
				CLANG_WARN_INFINITE_RECURSION = YES;
				CLANG_WARN_INT_CONVERSION = YES;
				CLANG_WARN_NON_LITERAL_NULL_CONVERSION = YES;
				CLANG_WARN_OBJC_IMPLICIT_RETAIN_SELF = YES;
				CLANG_WARN_OBJC_LITERAL_CONVERSION = YES;
				CLANG_WARN_OBJC_ROOT_CLASS = YES_ERROR;
				CLANG_WARN_RANGE_LOOP_ANALYSIS = YES;
				CLANG_WARN_STRICT_PROTOTYPES = YES;
				CLANG_WARN_SUSPICIOUS_MOVE = YES;
				CLANG_WARN_UNGUARDED_AVAILABILITY = YES_AGGRESSIVE;
				CLANG_WARN_UNREACHABLE_CODE = YES;
				CLANG_WARN__DUPLICATE_METHOD_MATCH = YES;
				CODE_SIGN_IDENTITY = "iPhone Developer";
				COPY_PHASE_STRIP = NO;
				DEBUG_INFORMATION_FORMAT = dwarf;
				ENABLE_STRICT_OBJC_MSGSEND = YES;
				ENABLE_TESTABILITY = YES;
				GCC_C_LANGUAGE_STANDARD = gnu11;
				GCC_DYNAMIC_NO_PIC = NO;
				GCC_NO_COMMON_BLOCKS = YES;
				GCC_OPTIMIZATION_LEVEL = 0;
				GCC_PREPROCESSOR_DEFINITIONS = (
					"DEBUG=1",
					"$(inherited)",
				);
				GCC_WARN_64_TO_32_BIT_CONVERSION = YES;
				GCC_WARN_ABOUT_RETURN_TYPE = YES_ERROR;
				GCC_WARN_UNDECLARED_SELECTOR = YES;
				GCC_WARN_UNINITIALIZED_AUTOS = YES_AGGRESSIVE;
				GCC_WARN_UNUSED_FUNCTION = YES;
				GCC_WARN_UNUSED_VARIABLE = YES;
				IPHONEOS_DEPLOYMENT_TARGET = 12.2;
				MTL_ENABLE_DEBUG_INFO = INCLUDE_SOURCE;
				MTL_FAST_MATH = YES;
				ONLY_ACTIVE_ARCH = YES;
				SDKROOT = iphoneos;
				SWIFT_ACTIVE_COMPILATION_CONDITIONS = DEBUG;
				SWIFT_OPTIMIZATION_LEVEL = "-Onone";
			};
			name = Debug;
		};
		955078DF231D2BDE00311DB8 /* Release */ = {
			isa = XCBuildConfiguration;
			buildSettings = {
				ALWAYS_SEARCH_USER_PATHS = NO;
				CLANG_ANALYZER_NONNULL = YES;
				CLANG_ANALYZER_NUMBER_OBJECT_CONVERSION = YES_AGGRESSIVE;
				CLANG_CXX_LANGUAGE_STANDARD = "gnu++14";
				CLANG_CXX_LIBRARY = "libc++";
				CLANG_ENABLE_MODULES = YES;
				CLANG_ENABLE_OBJC_ARC = YES;
				CLANG_ENABLE_OBJC_WEAK = YES;
				CLANG_WARN_BLOCK_CAPTURE_AUTORELEASING = YES;
				CLANG_WARN_BOOL_CONVERSION = YES;
				CLANG_WARN_COMMA = YES;
				CLANG_WARN_CONSTANT_CONVERSION = YES;
				CLANG_WARN_DEPRECATED_OBJC_IMPLEMENTATIONS = YES;
				CLANG_WARN_DIRECT_OBJC_ISA_USAGE = YES_ERROR;
				CLANG_WARN_DOCUMENTATION_COMMENTS = YES;
				CLANG_WARN_EMPTY_BODY = YES;
				CLANG_WARN_ENUM_CONVERSION = YES;
				CLANG_WARN_INFINITE_RECURSION = YES;
				CLANG_WARN_INT_CONVERSION = YES;
				CLANG_WARN_NON_LITERAL_NULL_CONVERSION = YES;
				CLANG_WARN_OBJC_IMPLICIT_RETAIN_SELF = YES;
				CLANG_WARN_OBJC_LITERAL_CONVERSION = YES;
				CLANG_WARN_OBJC_ROOT_CLASS = YES_ERROR;
				CLANG_WARN_RANGE_LOOP_ANALYSIS = YES;
				CLANG_WARN_STRICT_PROTOTYPES = YES;
				CLANG_WARN_SUSPICIOUS_MOVE = YES;
				CLANG_WARN_UNGUARDED_AVAILABILITY = YES_AGGRESSIVE;
				CLANG_WARN_UNREACHABLE_CODE = YES;
				CLANG_WARN__DUPLICATE_METHOD_MATCH = YES;
				CODE_SIGN_IDENTITY = "iPhone Developer";
				COPY_PHASE_STRIP = NO;
				DEBUG_INFORMATION_FORMAT = "dwarf-with-dsym";
				ENABLE_NS_ASSERTIONS = NO;
				ENABLE_STRICT_OBJC_MSGSEND = YES;
				GCC_C_LANGUAGE_STANDARD = gnu11;
				GCC_NO_COMMON_BLOCKS = YES;
				GCC_WARN_64_TO_32_BIT_CONVERSION = YES;
				GCC_WARN_ABOUT_RETURN_TYPE = YES_ERROR;
				GCC_WARN_UNDECLARED_SELECTOR = YES;
				GCC_WARN_UNINITIALIZED_AUTOS = YES_AGGRESSIVE;
				GCC_WARN_UNUSED_FUNCTION = YES;
				GCC_WARN_UNUSED_VARIABLE = YES;
				IPHONEOS_DEPLOYMENT_TARGET = 12.2;
				MTL_ENABLE_DEBUG_INFO = NO;
				MTL_FAST_MATH = YES;
				SDKROOT = iphoneos;
				SWIFT_COMPILATION_MODE = wholemodule;
				SWIFT_OPTIMIZATION_LEVEL = "-O";
				VALIDATE_PRODUCT = YES;
			};
			name = Release;
		};
		955078E1231D2BDE00311DB8 /* Debug */ = {
			isa = XCBuildConfiguration;
			baseConfigurationReference = 0466DD62E331A23D7BA3877C /* Pods-Promiss_iOS.debug.xcconfig */;
			buildSettings = {
				ASSETCATALOG_COMPILER_APPICON_NAME = AppIcon;
				CODE_SIGN_STYLE = Automatic;
				DEVELOPMENT_TEAM = 4PFQJNQ37T;
				ENABLE_BITCODE = NO;
				INFOPLIST_FILE = Promiss_iOS/Info.plist;
				LD_RUNPATH_SEARCH_PATHS = (
					"$(inherited)",
					"@executable_path/Frameworks",
				);
				ONLY_ACTIVE_ARCH = NO;
				PRODUCT_BUNDLE_IDENTIFIER = "com.skhu.cse.promiss-com.skhu.cse.promiss-com.skhu.cse.promisscom.skhu.cse.promiss-com.skhu.cse.promiss";
				PRODUCT_NAME = "$(TARGET_NAME)";
				SWIFT_VERSION = 4.2;
				TARGETED_DEVICE_FAMILY = 1;
			};
			name = Debug;
		};
		955078E2231D2BDE00311DB8 /* Release */ = {
			isa = XCBuildConfiguration;
			baseConfigurationReference = 3976B24AC869CF3E09BA0F51 /* Pods-Promiss_iOS.release.xcconfig */;
			buildSettings = {
				ASSETCATALOG_COMPILER_APPICON_NAME = AppIcon;
				CODE_SIGN_STYLE = Automatic;
				DEVELOPMENT_TEAM = 4PFQJNQ37T;
				ENABLE_BITCODE = NO;
				INFOPLIST_FILE = Promiss_iOS/Info.plist;
				LD_RUNPATH_SEARCH_PATHS = (
					"$(inherited)",
					"@executable_path/Frameworks",
				);
				PRODUCT_BUNDLE_IDENTIFIER = "com.skhu.cse.promiss-com.skhu.cse.promiss-com.skhu.cse.promisscom.skhu.cse.promiss-com.skhu.cse.promiss";
				PRODUCT_NAME = "$(TARGET_NAME)";
				SWIFT_VERSION = 4.2;
				TARGETED_DEVICE_FAMILY = 1;
			};
			name = Release;
		};
/* End XCBuildConfiguration section */

/* Begin XCConfigurationList section */
		955078C9231D2BDD00311DB8 /* Build configuration list for PBXProject "Promiss_iOS" */ = {
			isa = XCConfigurationList;
			buildConfigurations = (
				955078DE231D2BDE00311DB8 /* Debug */,
				955078DF231D2BDE00311DB8 /* Release */,
			);
			defaultConfigurationIsVisible = 0;
			defaultConfigurationName = Release;
		};
		955078E0231D2BDE00311DB8 /* Build configuration list for PBXNativeTarget "Promiss_iOS" */ = {
			isa = XCConfigurationList;
			buildConfigurations = (
				955078E1231D2BDE00311DB8 /* Debug */,
				955078E2231D2BDE00311DB8 /* Release */,
			);
			defaultConfigurationIsVisible = 0;
			defaultConfigurationName = Release;
		};
/* End XCConfigurationList section */
	};
	rootObject = 955078C6231D2BDD00311DB8 /* Project object */;
}
